
Microsoft Visual Studio Solution File, Format Version 12.00
# Visual Studio Version 16
VisualStudioVersion = 16.0.31613.86
MinimumVisualStudioVersion = 10.0.40219.1
Project("{FAE04EC0-301F-11D3-BF4B-00C04F79EFBC}") = "lesson-2.4", "lesson-2.4\lesson-2.4.csproj", "{B7FCA97A-9AE9-4EA5-B97D-2791C5FA5B07}"
EndProject
Global
	GlobalSection(SolutionConfigurationPlatforms) = preSolution
		Debug|Any CPU = Debug|Any CPU
		Release|Any CPU = Release|Any CPU
	EndGlobalSection
	GlobalSection(ProjectConfigurationPlatforms) = postSolution
		{B7FCA97A-9AE9-4EA5-B97D-2791C5FA5B07}.Debug|Any CPU.ActiveCfg = Debug|Any CPU
		{B7FCA97A-9AE9-4EA5-B97D-2791C5FA5B07}.Debug|Any CPU.Build.0 = Debug|Any CPU
		{B7FCA97A-9AE9-4EA5-B97D-2791C5FA5B07}.Release|Any CPU.ActiveCfg = Release|Any CPU
		{B7FCA97A-9AE9-4EA5-B97D-2791C5FA5B07}.Release|Any CPU.Build.0 = Release|Any CPU
	EndGlobalSection
	GlobalSection(SolutionProperties) = preSolution
		HideSolutionNode = FALSE
	EndGlobalSection
	GlobalSection(ExtensibilityGlobals) = postSolution
		SolutionGuid = {A3768FFB-39C7-4702-8522-97FC83C3C2B0}
	EndGlobalSection
EndGlobal
