
Microsoft Visual Studio Solution File, Format Version 12.00
# Visual Studio Version 16
VisualStudioVersion = 16.0.31613.86
MinimumVisualStudioVersion = 10.0.40219.1
Project("{FAE04EC0-301F-11D3-BF4B-00C04F79EFBC}") = "Lesson-3_podstroka", "Lesson-3_podstroka\Lesson-3_podstroka.csproj", "{E9F5EFA8-D634-44BB-840B-CE7BFDCDC958}"
EndProject
Global
	GlobalSection(SolutionConfigurationPlatforms) = preSolution
		Debug|Any CPU = Debug|Any CPU
		Release|Any CPU = Release|Any CPU
	EndGlobalSection
	GlobalSection(ProjectConfigurationPlatforms) = postSolution
		{E9F5EFA8-D634-44BB-840B-CE7BFDCDC958}.Debug|Any CPU.ActiveCfg = Debug|Any CPU
		{E9F5EFA8-D634-44BB-840B-CE7BFDCDC958}.Debug|Any CPU.Build.0 = Debug|Any CPU
		{E9F5EFA8-D634-44BB-840B-CE7BFDCDC958}.Release|Any CPU.ActiveCfg = Release|Any CPU
		{E9F5EFA8-D634-44BB-840B-CE7BFDCDC958}.Release|Any CPU.Build.0 = Release|Any CPU
	EndGlobalSection
	GlobalSection(SolutionProperties) = preSolution
		HideSolutionNode = FALSE
	EndGlobalSection
	GlobalSection(ExtensibilityGlobals) = postSolution
		SolutionGuid = {86E39FD6-8D15-4E20-A8E4-2CAE58ED3FF7}
	EndGlobalSection
EndGlobal
