
Microsoft Visual Studio Solution File, Format Version 12.00
# Visual Studio Version 16
VisualStudioVersion = 16.0.31624.102
MinimumVisualStudioVersion = 10.0.40219.1
Project("{FAE04EC0-301F-11D3-BF4B-00C04F79EFBC}") = "lesson-5.1", "lesson-5.1\lesson-5.1.csproj", "{B1FFC0C3-37F0-4E03-9C57-28524D3B5E2B}"
EndProject
Global
	GlobalSection(SolutionConfigurationPlatforms) = preSolution
		Debug|Any CPU = Debug|Any CPU
		Release|Any CPU = Release|Any CPU
	EndGlobalSection
	GlobalSection(ProjectConfigurationPlatforms) = postSolution
		{B1FFC0C3-37F0-4E03-9C57-28524D3B5E2B}.Debug|Any CPU.ActiveCfg = Debug|Any CPU
		{B1FFC0C3-37F0-4E03-9C57-28524D3B5E2B}.Debug|Any CPU.Build.0 = Debug|Any CPU
		{B1FFC0C3-37F0-4E03-9C57-28524D3B5E2B}.Release|Any CPU.ActiveCfg = Release|Any CPU
		{B1FFC0C3-37F0-4E03-9C57-28524D3B5E2B}.Release|Any CPU.Build.0 = Release|Any CPU
	EndGlobalSection
	GlobalSection(SolutionProperties) = preSolution
		HideSolutionNode = FALSE
	EndGlobalSection
	GlobalSection(ExtensibilityGlobals) = postSolution
		SolutionGuid = {E8CEBB9F-E5CF-4587-BB96-D091EDC7CBE9}
	EndGlobalSection
EndGlobal
