
Microsoft Visual Studio Solution File, Format Version 12.00
# Visual Studio Version 16
VisualStudioVersion = 16.0.31613.86
MinimumVisualStudioVersion = 10.0.40219.1
Project("{FAE04EC0-301F-11D3-BF4B-00C04F79EFBC}") = "lesson-1", "lesson-1\lesson-1.csproj", "{410BD902-9C11-44D3-9DAA-1499E102799F}"
EndProject
Global
	GlobalSection(SolutionConfigurationPlatforms) = preSolution
		Debug|Any CPU = Debug|Any CPU
		Release|Any CPU = Release|Any CPU
	EndGlobalSection
	GlobalSection(ProjectConfigurationPlatforms) = postSolution
		{410BD902-9C11-44D3-9DAA-1499E102799F}.Debug|Any CPU.ActiveCfg = Debug|Any CPU
		{410BD902-9C11-44D3-9DAA-1499E102799F}.Debug|Any CPU.Build.0 = Debug|Any CPU
		{410BD902-9C11-44D3-9DAA-1499E102799F}.Release|Any CPU.ActiveCfg = Release|Any CPU
		{410BD902-9C11-44D3-9DAA-1499E102799F}.Release|Any CPU.Build.0 = Release|Any CPU
	EndGlobalSection
	GlobalSection(SolutionProperties) = preSolution
		HideSolutionNode = FALSE
	EndGlobalSection
	GlobalSection(ExtensibilityGlobals) = postSolution
		SolutionGuid = {DC5B0619-756F-425F-A668-09E86466D0EB}
	EndGlobalSection
EndGlobal
